
Microsoft Visual Studio Solution File, Format Version 12.00
# Visual Studio Version 17
VisualStudioVersion = 17.2.32630.192
MinimumVisualStudioVersion = 10.0.40219.1
Project("{FAE04EC0-301F-11D3-BF4B-00C04F79EFBC}") = "DiscordActiveDevelooper", "DiscordActiveDevelooper\DiscordActiveDevelooper.csproj", "{760145C3-D1A2-4292-88B7-24C62858CA50}"
EndProject
Project("{FAE04EC0-301F-11D3-BF4B-00C04F79EFBC}") = "BotSettings", "BotSettings\BotSettings.csproj", "{A19071FF-F402-40CC-8AF6-2585304BD4B6}"
EndProject
Global
	GlobalSection(SolutionConfigurationPlatforms) = preSolution
		Debug|Any CPU = Debug|Any CPU
		Release|Any CPU = Release|Any CPU
	EndGlobalSection
	GlobalSection(ProjectConfigurationPlatforms) = postSolution
		{760145C3-D1A2-4292-88B7-24C62858CA50}.Debug|Any CPU.ActiveCfg = Debug|Any CPU
		{760145C3-D1A2-4292-88B7-24C62858CA50}.Debug|Any CPU.Build.0 = Debug|Any CPU
		{760145C3-D1A2-4292-88B7-24C62858CA50}.Release|Any CPU.ActiveCfg = Release|Any CPU
		{760145C3-D1A2-4292-88B7-24C62858CA50}.Release|Any CPU.Build.0 = Release|Any CPU
		{A19071FF-F402-40CC-8AF6-2585304BD4B6}.Debug|Any CPU.ActiveCfg = Debug|Any CPU
		{A19071FF-F402-40CC-8AF6-2585304BD4B6}.Debug|Any CPU.Build.0 = Debug|Any CPU
		{A19071FF-F402-40CC-8AF6-2585304BD4B6}.Release|Any CPU.ActiveCfg = Release|Any CPU
		{A19071FF-F402-40CC-8AF6-2585304BD4B6}.Release|Any CPU.Build.0 = Release|Any CPU
	EndGlobalSection
	GlobalSection(SolutionProperties) = preSolution
		HideSolutionNode = FALSE
	EndGlobalSection
	GlobalSection(ExtensibilityGlobals) = postSolution
		SolutionGuid = {A10CCF55-239B-4AD6-88C6-788855B36E3E}
	EndGlobalSection
EndGlobal
